
Microsoft Visual Studio Solution File, Format Version 12.00
# Visual Studio Version 17
VisualStudioVersion = 17.6.33723.286
MinimumVisualStudioVersion = 10.0.40219.1
Project("{2150E333-8FDC-42A3-9474-1A3956D46DE8}") = "Test", "Test", "{08BCD027-AA63-4FD6-BDFA-67658229E3F1}"
EndProject
Project("{9A19103F-16F7-4668-BE54-9A1E7A4F7556}") = "RJCP.IO.BufferTest", "BufferIOTest\RJCP.IO.BufferTest.csproj", "{4F6EE0B0-D6DC-44D7-8FB9-762534F6F91C}"
EndProject
Project("{9A19103F-16F7-4668-BE54-9A1E7A4F7556}") = "RJCP.IO.BufferTest.Legacy", "BufferIOTest\RJCP.IO.BufferTest.Legacy.csproj", "{91FBCA36-3846-45D7-9C71-37EECA9F7117}"
EndProject
Project("{9A19103F-16F7-4668-BE54-9A1E7A4F7556}") = "RJCP.IO.Buffer", "BufferIO\RJCP.IO.Buffer.csproj", "{E9F74798-84B9-4429-A0BD-9D026A543D46}"
EndProject
Global
	GlobalSection(SolutionConfigurationPlatforms) = preSolution
		Debug|Any CPU = Debug|Any CPU
		Release|Any CPU = Release|Any CPU
	EndGlobalSection
	GlobalSection(ProjectConfigurationPlatforms) = postSolution
		{4F6EE0B0-D6DC-44D7-8FB9-762534F6F91C}.Debug|Any CPU.ActiveCfg = Debug|Any CPU
		{4F6EE0B0-D6DC-44D7-8FB9-762534F6F91C}.Debug|Any CPU.Build.0 = Debug|Any CPU
		{4F6EE0B0-D6DC-44D7-8FB9-762534F6F91C}.Release|Any CPU.ActiveCfg = Release|Any CPU
		{4F6EE0B0-D6DC-44D7-8FB9-762534F6F91C}.Release|Any CPU.Build.0 = Release|Any CPU
		{91FBCA36-3846-45D7-9C71-37EECA9F7117}.Debug|Any CPU.ActiveCfg = Debug|Any CPU
		{91FBCA36-3846-45D7-9C71-37EECA9F7117}.Debug|Any CPU.Build.0 = Debug|Any CPU
		{91FBCA36-3846-45D7-9C71-37EECA9F7117}.Release|Any CPU.ActiveCfg = Release|Any CPU
		{91FBCA36-3846-45D7-9C71-37EECA9F7117}.Release|Any CPU.Build.0 = Release|Any CPU
		{E9F74798-84B9-4429-A0BD-9D026A543D46}.Debug|Any CPU.ActiveCfg = Debug|Any CPU
		{E9F74798-84B9-4429-A0BD-9D026A543D46}.Debug|Any CPU.Build.0 = Debug|Any CPU
		{E9F74798-84B9-4429-A0BD-9D026A543D46}.Release|Any CPU.ActiveCfg = Release|Any CPU
		{E9F74798-84B9-4429-A0BD-9D026A543D46}.Release|Any CPU.Build.0 = Release|Any CPU
	EndGlobalSection
	GlobalSection(SolutionProperties) = preSolution
		HideSolutionNode = FALSE
	EndGlobalSection
	GlobalSection(NestedProjects) = preSolution
		{4F6EE0B0-D6DC-44D7-8FB9-762534F6F91C} = {08BCD027-AA63-4FD6-BDFA-67658229E3F1}
		{91FBCA36-3846-45D7-9C71-37EECA9F7117} = {08BCD027-AA63-4FD6-BDFA-67658229E3F1}
	EndGlobalSection
	GlobalSection(ExtensibilityGlobals) = postSolution
		SolutionGuid = {3351C736-A76E-4488-BAE7-C5E71EBF66F9}
	EndGlobalSection
EndGlobal
